// !$*UTF8*$!
{
	archiveVersion = 1;
	classes = {
	};
	objectVersion = 46;
	objects = {

/* Begin PBXBuildFile section */
		AC9C14441BB1CE7A001D2340 /* CalendarEditDetailsViewController.swift in Sources */ = {isa = PBXBuildFile; fileRef = AC9C14431BB1CE7A001D2340 /* CalendarEditDetailsViewController.swift */; };
		ACA36A2D1BB3605C00B32601 /* CalendarEntryTypeTableViewCell.swift in Sources */ = {isa = PBXBuildFile; fileRef = ACA36A2C1BB3605C00B32601 /* CalendarEntryTypeTableViewCell.swift */; };
		ACA36A2F1BB3611700B32601 /* CalendarIcon.swift in Sources */ = {isa = PBXBuildFile; fileRef = ACA36A2E1BB3611700B32601 /* CalendarIcon.swift */; };
		ACA36A311BB361CC00B32601 /* CalendarEntryTypeViewController.swift in Sources */ = {isa = PBXBuildFile; fileRef = ACA36A301BB361CC00B32601 /* CalendarEntryTypeViewController.swift */; };
		ACA36A351BB3747200B32601 /* PrintController.swift in Sources */ = {isa = PBXBuildFile; fileRef = ACA36A341BB3747200B32601 /* PrintController.swift */; };
		ACABF13E1BDFFF9600F651B9 /* AdminLoginViewController.swift in Sources */ = {isa = PBXBuildFile; fileRef = ACABF13D1BDFFF9600F651B9 /* AdminLoginViewController.swift */; };
		ACABF1401BE0010B00F651B9 /* LoginController.swift in Sources */ = {isa = PBXBuildFile; fileRef = ACABF13F1BE0010B00F651B9 /* LoginController.swift */; };
		ACABF1441BE0314700F651B9 /* Bolts.framework in Frameworks */ = {isa = PBXBuildFile; fileRef = ACABF1411BE0314700F651B9 /* Bolts.framework */; };
		ACABF1451BE0314700F651B9 /* Parse.framework in Frameworks */ = {isa = PBXBuildFile; fileRef = ACABF1421BE0314700F651B9 /* Parse.framework */; };
		ACABF1461BE0314700F651B9 /* ParseUI.framework in Frameworks */ = {isa = PBXBuildFile; fileRef = ACABF1431BE0314700F651B9 /* ParseUI.framework */; };
		ACABF1471BE0319300F651B9 /* Bolts.framework in Resources */ = {isa = PBXBuildFile; fileRef = ACABF1411BE0314700F651B9 /* Bolts.framework */; };
		ACABF1481BE0319300F651B9 /* Parse.framework in Resources */ = {isa = PBXBuildFile; fileRef = ACABF1421BE0314700F651B9 /* Parse.framework */; };
		ACABF1491BE0319300F651B9 /* ParseUI.framework in Resources */ = {isa = PBXBuildFile; fileRef = ACABF1431BE0314700F651B9 /* ParseUI.framework */; };
		ACABF14B1BE031AD00F651B9 /* AudioToolbox.framework in Frameworks */ = {isa = PBXBuildFile; fileRef = ACABF14A1BE031AD00F651B9 /* AudioToolbox.framework */; };
		ACABF1551BE031E800F651B9 /* CFNetwork.framework in Frameworks */ = {isa = PBXBuildFile; fileRef = ACABF14C1BE031E800F651B9 /* CFNetwork.framework */; };
		ACABF1561BE031E800F651B9 /* CoreGraphics.framework in Frameworks */ = {isa = PBXBuildFile; fileRef = ACABF14D1BE031E800F651B9 /* CoreGraphics.framework */; };
		ACABF1571BE031E800F651B9 /* CoreLocation.framework in Frameworks */ = {isa = PBXBuildFile; fileRef = ACABF14E1BE031E800F651B9 /* CoreLocation.framework */; };
		ACABF1581BE031E800F651B9 /* libsqlite3.tbd in Frameworks */ = {isa = PBXBuildFile; fileRef = ACABF14F1BE031E800F651B9 /* libsqlite3.tbd */; };
		ACABF1591BE031E800F651B9 /* libz.tbd in Frameworks */ = {isa = PBXBuildFile; fileRef = ACABF1501BE031E800F651B9 /* libz.tbd */; };
		ACABF15A1BE031E800F651B9 /* QuartzCore.framework in Frameworks */ = {isa = PBXBuildFile; fileRef = ACABF1511BE031E800F651B9 /* QuartzCore.framework */; };
		ACABF15B1BE031E800F651B9 /* Security.framework in Frameworks */ = {isa = PBXBuildFile; fileRef = ACABF1521BE031E800F651B9 /* Security.framework */; };
		ACABF15C1BE031E800F651B9 /* StoreKit.framework in Frameworks */ = {isa = PBXBuildFile; fileRef = ACABF1531BE031E800F651B9 /* StoreKit.framework */; };
		ACABF15D1BE031E800F651B9 /* SystemConfiguration.framework in Frameworks */ = {isa = PBXBuildFile; fileRef = ACABF1541BE031E800F651B9 /* SystemConfiguration.framework */; };
		ACB3C2501BA8967500652B41 /* AppDelegate.swift in Sources */ = {isa = PBXBuildFile; fileRef = ACB3C24F1BA8967500652B41 /* AppDelegate.swift */; };
		ACB3C2521BA8967500652B41 /* ViewController.swift in Sources */ = {isa = PBXBuildFile; fileRef = ACB3C2511BA8967500652B41 /* ViewController.swift */; };
		ACB3C2551BA8967500652B41 /* Main.storyboard in Resources */ = {isa = PBXBuildFile; fileRef = ACB3C2531BA8967500652B41 /* Main.storyboard */; };
		ACB3C2571BA8967500652B41 /* Images.xcassets in Resources */ = {isa = PBXBuildFile; fileRef = ACB3C2561BA8967500652B41 /* Images.xcassets */; };
		ACB3C25A1BA8967500652B41 /* LaunchScreen.xib in Resources */ = {isa = PBXBuildFile; fileRef = ACB3C2581BA8967500652B41 /* LaunchScreen.xib */; };
		ACB3C2661BA8967500652B41 /* TerraVistaPTATests.swift in Sources */ = {isa = PBXBuildFile; fileRef = ACB3C2651BA8967500652B41 /* TerraVistaPTATests.swift */; };
		ACB3C28D1BA8971400652B41 /* CommonDefines.swift in Sources */ = {isa = PBXBuildFile; fileRef = ACB3C2711BA8971400652B41 /* CommonDefines.swift */; };
		ACB3C28E1BA8971400652B41 /* AnnouncementController.swift in Sources */ = {isa = PBXBuildFile; fileRef = ACB3C2731BA8971400652B41 /* AnnouncementController.swift */; };
		ACB3C28F1BA8971400652B41 /* WebLinkController.swift in Sources */ = {isa = PBXBuildFile; fileRef = ACB3C2741BA8971400652B41 /* WebLinkController.swift */; };
		ACB3C2901BA8971400652B41 /* Announcement.swift in Sources */ = {isa = PBXBuildFile; fileRef = ACB3C2771BA8971400652B41 /* Announcement.swift */; };
		ACB3C2911BA8971400652B41 /* ParseBase.swift in Sources */ = {isa = PBXBuildFile; fileRef = ACB3C2781BA8971400652B41 /* ParseBase.swift */; };
		ACB3C2921BA8971400652B41 /* WebLink.swift in Sources */ = {isa = PBXBuildFile; fileRef = ACB3C2791BA8971400652B41 /* WebLink.swift */; };
		ACB3C2931BA8971400652B41 /* AnnouncementTableViewCell.swift in Sources */ = {isa = PBXBuildFile; fileRef = ACB3C27F1BA8971400652B41 /* AnnouncementTableViewCell.swift */; };
		ACB3C29C1BA897CE00652B41 /* WebLinkTableViewCell.swift in Sources */ = {isa = PBXBuildFile; fileRef = ACB3C29B1BA897CE00652B41 /* WebLinkTableViewCell.swift */; };
		ACB3C29E1BA89BCC00652B41 /* WebViewController.swift in Sources */ = {isa = PBXBuildFile; fileRef = ACB3C29D1BA89BCC00652B41 /* WebViewController.swift */; };
		ACB3C2A01BA89FB400652B41 /* WebLinkAddViewController.swift in Sources */ = {isa = PBXBuildFile; fileRef = ACB3C29F1BA89FB400652B41 /* WebLinkAddViewController.swift */; };
		ACB3C2A31BA8A49100652B41 /* AnnouncementViewController.swift in Sources */ = {isa = PBXBuildFile; fileRef = ACB3C2A21BA8A49100652B41 /* AnnouncementViewController.swift */; };
		ACB3C2A51BA8A74500652B41 /* String.swift in Sources */ = {isa = PBXBuildFile; fileRef = ACB3C2A41BA8A74500652B41 /* String.swift */; };
		ACB3C2A71BA8A8A500652B41 /* AnnouncementAddViewController.swift in Sources */ = {isa = PBXBuildFile; fileRef = ACB3C2A61BA8A8A500652B41 /* AnnouncementAddViewController.swift */; };
		ACB3C30B1BA9E7F700652B41 /* CalendarView.swift in Sources */ = {isa = PBXBuildFile; fileRef = ACB3C30A1BA9E7F700652B41 /* CalendarView.swift */; };
		ACB3C3311BA9EAFD00652B41 /* JTCalendarManager.m in Sources */ = {isa = PBXBuildFile; fileRef = ACB3C3111BA9EAFD00652B41 /* JTCalendarManager.m */; };
		ACB3C3321BA9EAFD00652B41 /* JTCalendarSettings.m in Sources */ = {isa = PBXBuildFile; fileRef = ACB3C3131BA9EAFD00652B41 /* JTCalendarSettings.m */; };
		ACB3C3331BA9EAFD00652B41 /* JTDateHelper.m in Sources */ = {isa = PBXBuildFile; fileRef = ACB3C3151BA9EAFD00652B41 /* JTDateHelper.m */; };
		ACB3C3341BA9EAFD00652B41 /* JTCalendarDelegateManager.m in Sources */ = {isa = PBXBuildFile; fileRef = ACB3C3181BA9EAFD00652B41 /* JTCalendarDelegateManager.m */; };
		ACB3C3351BA9EAFD00652B41 /* JTCalendarScrollManager.m in Sources */ = {isa = PBXBuildFile; fileRef = ACB3C31A1BA9EAFD00652B41 /* JTCalendarScrollManager.m */; };
		ACB3C3361BA9EAFD00652B41 /* JTCalendarDayView.m in Sources */ = {isa = PBXBuildFile; fileRef = ACB3C3241BA9EAFD00652B41 /* JTCalendarDayView.m */; };
		ACB3C3371BA9EAFD00652B41 /* JTCalendarMenuView.m in Sources */ = {isa = PBXBuildFile; fileRef = ACB3C3261BA9EAFD00652B41 /* JTCalendarMenuView.m */; };
		ACB3C3381BA9EAFD00652B41 /* JTCalendarPageView.m in Sources */ = {isa = PBXBuildFile; fileRef = ACB3C3281BA9EAFD00652B41 /* JTCalendarPageView.m */; };
		ACB3C3391BA9EAFD00652B41 /* JTCalendarWeekDayView.m in Sources */ = {isa = PBXBuildFile; fileRef = ACB3C32A1BA9EAFD00652B41 /* JTCalendarWeekDayView.m */; };
		ACB3C33A1BA9EAFD00652B41 /* JTCalendarWeekView.m in Sources */ = {isa = PBXBuildFile; fileRef = ACB3C32C1BA9EAFD00652B41 /* JTCalendarWeekView.m */; };
		ACB3C33B1BA9EAFD00652B41 /* JTHorizontalCalendarView.m in Sources */ = {isa = PBXBuildFile; fileRef = ACB3C32E1BA9EAFD00652B41 /* JTHorizontalCalendarView.m */; };
		ACB3C33C1BA9EAFD00652B41 /* JTVerticalCalendarView.m in Sources */ = {isa = PBXBuildFile; fileRef = ACB3C3301BA9EAFD00652B41 /* JTVerticalCalendarView.m */; };
		ACB3C3421BAA0E2100652B41 /* CalendarController.swift in Sources */ = {isa = PBXBuildFile; fileRef = ACB3C3411BAA0E2100652B41 /* CalendarController.swift */; };
		ACB3C3441BAA0E5C00652B41 /* CalendarEntry.swift in Sources */ = {isa = PBXBuildFile; fileRef = ACB3C3431BAA0E5C00652B41 /* CalendarEntry.swift */; };
		ACB3C34A1BAA130200652B41 /* CalendarTableViewCell.swift in Sources */ = {isa = PBXBuildFile; fileRef = ACB3C3491BAA130200652B41 /* CalendarTableViewCell.swift */; };
		ACB3C34C1BAA35C100652B41 /* ColorUtils.swift in Sources */ = {isa = PBXBuildFile; fileRef = ACB3C34B1BAA35C100652B41 /* ColorUtils.swift */; };
		ACB3C34E1BAA587400652B41 /* CalendarDetailsViewController.swift in Sources */ = {isa = PBXBuildFile; fileRef = ACB3C34D1BAA587400652B41 /* CalendarDetailsViewController.swift */; };
/* End PBXBuildFile section */

/* Begin PBXContainerItemProxy section */
		ACB3C2601BA8967500652B41 /* PBXContainerItemProxy */ = {
			isa = PBXContainerItemProxy;
			containerPortal = ACB3C2421BA8967500652B41 /* Project object */;
			proxyType = 1;
			remoteGlobalIDString = ACB3C2491BA8967500652B41;
			remoteInfo = TerraVistaPTA;
		};
/* End PBXContainerItemProxy section */

/* Begin PBXFileReference section */
		AC9C14431BB1CE7A001D2340 /* CalendarEditDetailsViewController.swift */ = {isa = PBXFileReference; fileEncoding = 4; lastKnownFileType = sourcecode.swift; path = CalendarEditDetailsViewController.swift; sourceTree = "<group>"; };
		ACA36A2C1BB3605C00B32601 /* CalendarEntryTypeTableViewCell.swift */ = {isa = PBXFileReference; fileEncoding = 4; lastKnownFileType = sourcecode.swift; path = CalendarEntryTypeTableViewCell.swift; sourceTree = "<group>"; };
		ACA36A2E1BB3611700B32601 /* CalendarIcon.swift */ = {isa = PBXFileReference; fileEncoding = 4; lastKnownFileType = sourcecode.swift; path = CalendarIcon.swift; sourceTree = "<group>"; };
		ACA36A301BB361CC00B32601 /* CalendarEntryTypeViewController.swift */ = {isa = PBXFileReference; fileEncoding = 4; lastKnownFileType = sourcecode.swift; path = CalendarEntryTypeViewController.swift; sourceTree = "<group>"; };
		ACA36A341BB3747200B32601 /* PrintController.swift */ = {isa = PBXFileReference; fileEncoding = 4; lastKnownFileType = sourcecode.swift; path = PrintController.swift; sourceTree = "<group>"; };
		ACABF13D1BDFFF9600F651B9 /* AdminLoginViewController.swift */ = {isa = PBXFileReference; fileEncoding = 4; lastKnownFileType = sourcecode.swift; path = AdminLoginViewController.swift; sourceTree = "<group>"; };
		ACABF13F1BE0010B00F651B9 /* LoginController.swift */ = {isa = PBXFileReference; fileEncoding = 4; lastKnownFileType = sourcecode.swift; path = LoginController.swift; sourceTree = "<group>"; };
		ACABF1411BE0314700F651B9 /* Bolts.framework */ = {isa = PBXFileReference; lastKnownFileType = wrapper.framework; path = Bolts.framework; sourceTree = "<group>"; };
		ACABF1421BE0314700F651B9 /* Parse.framework */ = {isa = PBXFileReference; lastKnownFileType = wrapper.framework; path = Parse.framework; sourceTree = "<group>"; };
		ACABF1431BE0314700F651B9 /* ParseUI.framework */ = {isa = PBXFileReference; lastKnownFileType = wrapper.framework; path = ParseUI.framework; sourceTree = "<group>"; };
		ACABF14A1BE031AD00F651B9 /* AudioToolbox.framework */ = {isa = PBXFileReference; lastKnownFileType = wrapper.framework; name = AudioToolbox.framework; path = System/Library/Frameworks/AudioToolbox.framework; sourceTree = SDKROOT; };
		ACABF14C1BE031E800F651B9 /* CFNetwork.framework */ = {isa = PBXFileReference; lastKnownFileType = wrapper.framework; name = CFNetwork.framework; path = System/Library/Frameworks/CFNetwork.framework; sourceTree = SDKROOT; };
		ACABF14D1BE031E800F651B9 /* CoreGraphics.framework */ = {isa = PBXFileReference; lastKnownFileType = wrapper.framework; name = CoreGraphics.framework; path = System/Library/Frameworks/CoreGraphics.framework; sourceTree = SDKROOT; };
		ACABF14E1BE031E800F651B9 /* CoreLocation.framework */ = {isa = PBXFileReference; lastKnownFileType = wrapper.framework; name = CoreLocation.framework; path = System/Library/Frameworks/CoreLocation.framework; sourceTree = SDKROOT; };
		ACABF14F1BE031E800F651B9 /* libsqlite3.tbd */ = {isa = PBXFileReference; lastKnownFileType = "sourcecode.text-based-dylib-definition"; name = libsqlite3.tbd; path = usr/lib/libsqlite3.tbd; sourceTree = SDKROOT; };
		ACABF1501BE031E800F651B9 /* libz.tbd */ = {isa = PBXFileReference; lastKnownFileType = "sourcecode.text-based-dylib-definition"; name = libz.tbd; path = usr/lib/libz.tbd; sourceTree = SDKROOT; };
		ACABF1511BE031E800F651B9 /* QuartzCore.framework */ = {isa = PBXFileReference; lastKnownFileType = wrapper.framework; name = QuartzCore.framework; path = System/Library/Frameworks/QuartzCore.framework; sourceTree = SDKROOT; };
		ACABF1521BE031E800F651B9 /* Security.framework */ = {isa = PBXFileReference; lastKnownFileType = wrapper.framework; name = Security.framework; path = System/Library/Frameworks/Security.framework; sourceTree = SDKROOT; };
		ACABF1531BE031E800F651B9 /* StoreKit.framework */ = {isa = PBXFileReference; lastKnownFileType = wrapper.framework; name = StoreKit.framework; path = System/Library/Frameworks/StoreKit.framework; sourceTree = SDKROOT; };
		ACABF1541BE031E800F651B9 /* SystemConfiguration.framework */ = {isa = PBXFileReference; lastKnownFileType = wrapper.framework; name = SystemConfiguration.framework; path = System/Library/Frameworks/SystemConfiguration.framework; sourceTree = SDKROOT; };
		ACB3C24A1BA8967500652B41 /* TerraVistaPTA.app */ = {isa = PBXFileReference; explicitFileType = wrapper.application; includeInIndex = 0; path = TerraVistaPTA.app; sourceTree = BUILT_PRODUCTS_DIR; };
		ACB3C24E1BA8967500652B41 /* Info.plist */ = {isa = PBXFileReference; lastKnownFileType = text.plist.xml; path = Info.plist; sourceTree = "<group>"; };
		ACB3C24F1BA8967500652B41 /* AppDelegate.swift */ = {isa = PBXFileReference; lastKnownFileType = sourcecode.swift; path = AppDelegate.swift; sourceTree = "<group>"; };
		ACB3C2511BA8967500652B41 /* ViewController.swift */ = {isa = PBXFileReference; lastKnownFileType = sourcecode.swift; name = ViewController.swift; path = ../../../ViewController.swift; sourceTree = "<group>"; };
		ACB3C2541BA8967500652B41 /* Base */ = {isa = PBXFileReference; lastKnownFileType = file.storyboard; name = Base; path = Base.lproj/Main.storyboard; sourceTree = "<group>"; };
		ACB3C2561BA8967500652B41 /* Images.xcassets */ = {isa = PBXFileReference; lastKnownFileType = folder.assetcatalog; path = Images.xcassets; sourceTree = "<group>"; };
		ACB3C2591BA8967500652B41 /* Base */ = {isa = PBXFileReference; lastKnownFileType = file.xib; name = Base; path = Base.lproj/LaunchScreen.xib; sourceTree = "<group>"; };
		ACB3C25F1BA8967500652B41 /* TerraVistaPTATests.xctest */ = {isa = PBXFileReference; explicitFileType = wrapper.cfbundle; includeInIndex = 0; path = TerraVistaPTATests.xctest; sourceTree = BUILT_PRODUCTS_DIR; };
		ACB3C2641BA8967500652B41 /* Info.plist */ = {isa = PBXFileReference; lastKnownFileType = text.plist.xml; path = Info.plist; sourceTree = "<group>"; };
		ACB3C2651BA8967500652B41 /* TerraVistaPTATests.swift */ = {isa = PBXFileReference; lastKnownFileType = sourcecode.swift; path = TerraVistaPTATests.swift; sourceTree = "<group>"; };
		ACB3C2711BA8971400652B41 /* CommonDefines.swift */ = {isa = PBXFileReference; fileEncoding = 4; lastKnownFileType = sourcecode.swift; path = CommonDefines.swift; sourceTree = "<group>"; };
		ACB3C2731BA8971400652B41 /* AnnouncementController.swift */ = {isa = PBXFileReference; fileEncoding = 4; lastKnownFileType = sourcecode.swift; path = AnnouncementController.swift; sourceTree = "<group>"; };
		ACB3C2741BA8971400652B41 /* WebLinkController.swift */ = {isa = PBXFileReference; fileEncoding = 4; lastKnownFileType = sourcecode.swift; path = WebLinkController.swift; sourceTree = "<group>"; };
		ACB3C2771BA8971400652B41 /* Announcement.swift */ = {isa = PBXFileReference; fileEncoding = 4; lastKnownFileType = sourcecode.swift; path = Announcement.swift; sourceTree = "<group>"; };
		ACB3C2781BA8971400652B41 /* ParseBase.swift */ = {isa = PBXFileReference; fileEncoding = 4; lastKnownFileType = sourcecode.swift; path = ParseBase.swift; sourceTree = "<group>"; };
		ACB3C2791BA8971400652B41 /* WebLink.swift */ = {isa = PBXFileReference; fileEncoding = 4; lastKnownFileType = sourcecode.swift; path = WebLink.swift; sourceTree = "<group>"; };
		ACB3C27F1BA8971400652B41 /* AnnouncementTableViewCell.swift */ = {isa = PBXFileReference; fileEncoding = 4; lastKnownFileType = sourcecode.swift; path = AnnouncementTableViewCell.swift; sourceTree = "<group>"; };
		ACB3C29B1BA897CE00652B41 /* WebLinkTableViewCell.swift */ = {isa = PBXFileReference; fileEncoding = 4; lastKnownFileType = sourcecode.swift; path = WebLinkTableViewCell.swift; sourceTree = "<group>"; };
		ACB3C29D1BA89BCC00652B41 /* WebViewController.swift */ = {isa = PBXFileReference; fileEncoding = 4; lastKnownFileType = sourcecode.swift; path = WebViewController.swift; sourceTree = "<group>"; };
		ACB3C29F1BA89FB400652B41 /* WebLinkAddViewController.swift */ = {isa = PBXFileReference; fileEncoding = 4; lastKnownFileType = sourcecode.swift; path = WebLinkAddViewController.swift; sourceTree = "<group>"; };
		ACB3C2A21BA8A49100652B41 /* AnnouncementViewController.swift */ = {isa = PBXFileReference; fileEncoding = 4; lastKnownFileType = sourcecode.swift; path = AnnouncementViewController.swift; sourceTree = "<group>"; };
		ACB3C2A41BA8A74500652B41 /* String.swift */ = {isa = PBXFileReference; fileEncoding = 4; lastKnownFileType = sourcecode.swift; path = String.swift; sourceTree = "<group>"; };
		ACB3C2A61BA8A8A500652B41 /* AnnouncementAddViewController.swift */ = {isa = PBXFileReference; fileEncoding = 4; lastKnownFileType = sourcecode.swift; path = AnnouncementAddViewController.swift; sourceTree = "<group>"; };
		ACB3C30A1BA9E7F700652B41 /* CalendarView.swift */ = {isa = PBXFileReference; fileEncoding = 4; lastKnownFileType = sourcecode.swift; path = CalendarView.swift; sourceTree = "<group>"; };
		ACB3C30E1BA9EAFD00652B41 /* JTCalendar.h */ = {isa = PBXFileReference; fileEncoding = 4; lastKnownFileType = sourcecode.c.h; path = JTCalendar.h; sourceTree = "<group>"; };
		ACB3C30F1BA9EAFD00652B41 /* JTCalendarDelegate.h */ = {isa = PBXFileReference; fileEncoding = 4; lastKnownFileType = sourcecode.c.h; path = JTCalendarDelegate.h; sourceTree = "<group>"; };
		ACB3C3101BA9EAFD00652B41 /* JTCalendarManager.h */ = {isa = PBXFileReference; fileEncoding = 4; lastKnownFileType = sourcecode.c.h; path = JTCalendarManager.h; sourceTree = "<group>"; };
		ACB3C3111BA9EAFD00652B41 /* JTCalendarManager.m */ = {isa = PBXFileReference; fileEncoding = 4; lastKnownFileType = sourcecode.c.objc; path = JTCalendarManager.m; sourceTree = "<group>"; };
		ACB3C3121BA9EAFD00652B41 /* JTCalendarSettings.h */ = {isa = PBXFileReference; fileEncoding = 4; lastKnownFileType = sourcecode.c.h; path = JTCalendarSettings.h; sourceTree = "<group>"; };
		ACB3C3131BA9EAFD00652B41 /* JTCalendarSettings.m */ = {isa = PBXFileReference; fileEncoding = 4; lastKnownFileType = sourcecode.c.objc; path = JTCalendarSettings.m; sourceTree = "<group>"; };
		ACB3C3141BA9EAFD00652B41 /* JTDateHelper.h */ = {isa = PBXFileReference; fileEncoding = 4; lastKnownFileType = sourcecode.c.h; path = JTDateHelper.h; sourceTree = "<group>"; };
		ACB3C3151BA9EAFD00652B41 /* JTDateHelper.m */ = {isa = PBXFileReference; fileEncoding = 4; lastKnownFileType = sourcecode.c.objc; path = JTDateHelper.m; sourceTree = "<group>"; };
		ACB3C3171BA9EAFD00652B41 /* JTCalendarDelegateManager.h */ = {isa = PBXFileReference; fileEncoding = 4; lastKnownFileType = sourcecode.c.h; path = JTCalendarDelegateManager.h; sourceTree = "<group>"; };
		ACB3C3181BA9EAFD00652B41 /* JTCalendarDelegateManager.m */ = {isa = PBXFileReference; fileEncoding = 4; lastKnownFileType = sourcecode.c.objc; path = JTCalendarDelegateManager.m; sourceTree = "<group>"; };
		ACB3C3191BA9EAFD00652B41 /* JTCalendarScrollManager.h */ = {isa = PBXFileReference; fileEncoding = 4; lastKnownFileType = sourcecode.c.h; path = JTCalendarScrollManager.h; sourceTree = "<group>"; };
		ACB3C31A1BA9EAFD00652B41 /* JTCalendarScrollManager.m */ = {isa = PBXFileReference; fileEncoding = 4; lastKnownFileType = sourcecode.c.objc; path = JTCalendarScrollManager.m; sourceTree = "<group>"; };
		ACB3C31C1BA9EAFD00652B41 /* JTCalendarDay.h */ = {isa = PBXFileReference; fileEncoding = 4; lastKnownFileType = sourcecode.c.h; path = JTCalendarDay.h; sourceTree = "<group>"; };
		ACB3C31D1BA9EAFD00652B41 /* JTCalendarPage.h */ = {isa = PBXFileReference; fileEncoding = 4; lastKnownFileType = sourcecode.c.h; path = JTCalendarPage.h; sourceTree = "<group>"; };
		ACB3C31E1BA9EAFD00652B41 /* JTCalendarWeek.h */ = {isa = PBXFileReference; fileEncoding = 4; lastKnownFileType = sourcecode.c.h; path = JTCalendarWeek.h; sourceTree = "<group>"; };
		ACB3C31F1BA9EAFD00652B41 /* JTCalendarWeekDay.h */ = {isa = PBXFileReference; fileEncoding = 4; lastKnownFileType = sourcecode.c.h; path = JTCalendarWeekDay.h; sourceTree = "<group>"; };
		ACB3C3201BA9EAFD00652B41 /* JTContent.h */ = {isa = PBXFileReference; fileEncoding = 4; lastKnownFileType = sourcecode.c.h; path = JTContent.h; sourceTree = "<group>"; };
		ACB3C3211BA9EAFD00652B41 /* JTMenu.h */ = {isa = PBXFileReference; fileEncoding = 4; lastKnownFileType = sourcecode.c.h; path = JTMenu.h; sourceTree = "<group>"; };
		ACB3C3231BA9EAFD00652B41 /* JTCalendarDayView.h */ = {isa = PBXFileReference; fileEncoding = 4; lastKnownFileType = sourcecode.c.h; path = JTCalendarDayView.h; sourceTree = "<group>"; };
		ACB3C3241BA9EAFD00652B41 /* JTCalendarDayView.m */ = {isa = PBXFileReference; fileEncoding = 4; lastKnownFileType = sourcecode.c.objc; path = JTCalendarDayView.m; sourceTree = "<group>"; };
		ACB3C3251BA9EAFD00652B41 /* JTCalendarMenuView.h */ = {isa = PBXFileReference; fileEncoding = 4; lastKnownFileType = sourcecode.c.h; path = JTCalendarMenuView.h; sourceTree = "<group>"; };
		ACB3C3261BA9EAFD00652B41 /* JTCalendarMenuView.m */ = {isa = PBXFileReference; fileEncoding = 4; lastKnownFileType = sourcecode.c.objc; path = JTCalendarMenuView.m; sourceTree = "<group>"; };
		ACB3C3271BA9EAFD00652B41 /* JTCalendarPageView.h */ = {isa = PBXFileReference; fileEncoding = 4; lastKnownFileType = sourcecode.c.h; path = JTCalendarPageView.h; sourceTree = "<group>"; };
		ACB3C3281BA9EAFD00652B41 /* JTCalendarPageView.m */ = {isa = PBXFileReference; fileEncoding = 4; lastKnownFileType = sourcecode.c.objc; path = JTCalendarPageView.m; sourceTree = "<group>"; };
		ACB3C3291BA9EAFD00652B41 /* JTCalendarWeekDayView.h */ = {isa = PBXFileReference; fileEncoding = 4; lastKnownFileType = sourcecode.c.h; path = JTCalendarWeekDayView.h; sourceTree = "<group>"; };
		ACB3C32A1BA9EAFD00652B41 /* JTCalendarWeekDayView.m */ = {isa = PBXFileReference; fileEncoding = 4; lastKnownFileType = sourcecode.c.objc; path = JTCalendarWeekDayView.m; sourceTree = "<group>"; };
		ACB3C32B1BA9EAFD00652B41 /* JTCalendarWeekView.h */ = {isa = PBXFileReference; fileEncoding = 4; lastKnownFileType = sourcecode.c.h; path = JTCalendarWeekView.h; sourceTree = "<group>"; };
		ACB3C32C1BA9EAFD00652B41 /* JTCalendarWeekView.m */ = {isa = PBXFileReference; fileEncoding = 4; lastKnownFileType = sourcecode.c.objc; path = JTCalendarWeekView.m; sourceTree = "<group>"; };
		ACB3C32D1BA9EAFD00652B41 /* JTHorizontalCalendarView.h */ = {isa = PBXFileReference; fileEncoding = 4; lastKnownFileType = sourcecode.c.h; path = JTHorizontalCalendarView.h; sourceTree = "<group>"; };
		ACB3C32E1BA9EAFD00652B41 /* JTHorizontalCalendarView.m */ = {isa = PBXFileReference; fileEncoding = 4; lastKnownFileType = sourcecode.c.objc; path = JTHorizontalCalendarView.m; sourceTree = "<group>"; };
		ACB3C32F1BA9EAFD00652B41 /* JTVerticalCalendarView.h */ = {isa = PBXFileReference; fileEncoding = 4; lastKnownFileType = sourcecode.c.h; path = JTVerticalCalendarView.h; sourceTree = "<group>"; };
		ACB3C3301BA9EAFD00652B41 /* JTVerticalCalendarView.m */ = {isa = PBXFileReference; fileEncoding = 4; lastKnownFileType = sourcecode.c.objc; path = JTVerticalCalendarView.m; sourceTree = "<group>"; };
		ACB3C33D1BA9EB1500652B41 /* TerraVistaPTA-Bridging-Header.h */ = {isa = PBXFileReference; fileEncoding = 4; lastKnownFileType = sourcecode.c.h; path = "TerraVistaPTA-Bridging-Header.h"; sourceTree = "<group>"; };
		ACB3C3411BAA0E2100652B41 /* CalendarController.swift */ = {isa = PBXFileReference; fileEncoding = 4; lastKnownFileType = sourcecode.swift; path = CalendarController.swift; sourceTree = "<group>"; };
		ACB3C3431BAA0E5C00652B41 /* CalendarEntry.swift */ = {isa = PBXFileReference; fileEncoding = 4; lastKnownFileType = sourcecode.swift; path = CalendarEntry.swift; sourceTree = "<group>"; };
		ACB3C3491BAA130200652B41 /* CalendarTableViewCell.swift */ = {isa = PBXFileReference; fileEncoding = 4; lastKnownFileType = sourcecode.swift; path = CalendarTableViewCell.swift; sourceTree = "<group>"; };
		ACB3C34B1BAA35C100652B41 /* ColorUtils.swift */ = {isa = PBXFileReference; fileEncoding = 4; lastKnownFileType = sourcecode.swift; path = ColorUtils.swift; sourceTree = "<group>"; };
		ACB3C34D1BAA587400652B41 /* CalendarDetailsViewController.swift */ = {isa = PBXFileReference; fileEncoding = 4; lastKnownFileType = sourcecode.swift; path = CalendarDetailsViewController.swift; sourceTree = "<group>"; };
/* End PBXFileReference section */

/* Begin PBXFrameworksBuildPhase section */
		ACB3C2471BA8967500652B41 /* Frameworks */ = {
			isa = PBXFrameworksBuildPhase;
			buildActionMask = 2147483647;
			files = (
				ACABF1551BE031E800F651B9 /* CFNetwork.framework in Frameworks */,
				ACABF1561BE031E800F651B9 /* CoreGraphics.framework in Frameworks */,
				ACABF1571BE031E800F651B9 /* CoreLocation.framework in Frameworks */,
				ACABF1581BE031E800F651B9 /* libsqlite3.tbd in Frameworks */,
				ACABF1591BE031E800F651B9 /* libz.tbd in Frameworks */,
				ACABF15A1BE031E800F651B9 /* QuartzCore.framework in Frameworks */,
				ACABF15B1BE031E800F651B9 /* Security.framework in Frameworks */,
				ACABF15C1BE031E800F651B9 /* StoreKit.framework in Frameworks */,
				ACABF15D1BE031E800F651B9 /* SystemConfiguration.framework in Frameworks */,
				ACABF14B1BE031AD00F651B9 /* AudioToolbox.framework in Frameworks */,
				ACABF1461BE0314700F651B9 /* ParseUI.framework in Frameworks */,
				ACABF1451BE0314700F651B9 /* Parse.framework in Frameworks */,
				ACABF1441BE0314700F651B9 /* Bolts.framework in Frameworks */,
			);
			runOnlyForDeploymentPostprocessing = 0;
		};
		ACB3C25C1BA8967500652B41 /* Frameworks */ = {
			isa = PBXFrameworksBuildPhase;
			buildActionMask = 2147483647;
			files = (
			);
			runOnlyForDeploymentPostprocessing = 0;
		};
/* End PBXFrameworksBuildPhase section */

/* Begin PBXGroup section */
		ACA36A321BB3745100B32601 /* Animation */ = {
			isa = PBXGroup;
			children = (
				ACA36A331BB3746500B32601 /* WolfPrints */,
			);
			path = Animation;
			sourceTree = "<group>";
		};
		ACA36A331BB3746500B32601 /* WolfPrints */ = {
			isa = PBXGroup;
			children = (
				ACA36A341BB3747200B32601 /* PrintController.swift */,
			);
			path = WolfPrints;
			sourceTree = "<group>";
		};
		ACABF1391BDFFF2100F651B9 /* Login */ = {
			isa = PBXGroup;
			children = (
				ACABF13D1BDFFF9600F651B9 /* AdminLoginViewController.swift */,
			);
			path = Login;
			sourceTree = "<group>";
		};
		ACB3C2411BA8967500652B41 = {
			isa = PBXGroup;
			children = (
				ACABF14C1BE031E800F651B9 /* CFNetwork.framework */,
				ACABF14D1BE031E800F651B9 /* CoreGraphics.framework */,
				ACABF14E1BE031E800F651B9 /* CoreLocation.framework */,
				ACABF14F1BE031E800F651B9 /* libsqlite3.tbd */,
				ACABF1501BE031E800F651B9 /* libz.tbd */,
				ACABF1511BE031E800F651B9 /* QuartzCore.framework */,
				ACABF1521BE031E800F651B9 /* Security.framework */,
				ACABF1531BE031E800F651B9 /* StoreKit.framework */,
				ACABF1541BE031E800F651B9 /* SystemConfiguration.framework */,
				ACABF14A1BE031AD00F651B9 /* AudioToolbox.framework */,
				ACB3C24C1BA8967500652B41 /* TerraVistaPTA */,
				ACB3C2621BA8967500652B41 /* TerraVistaPTATests */,
				ACB3C24B1BA8967500652B41 /* Products */,
			);
			sourceTree = "<group>";
		};
		ACB3C24B1BA8967500652B41 /* Products */ = {
			isa = PBXGroup;
			children = (
				ACB3C24A1BA8967500652B41 /* TerraVistaPTA.app */,
				ACB3C25F1BA8967500652B41 /* TerraVistaPTATests.xctest */,
			);
			name = Products;
			sourceTree = "<group>";
		};
		ACB3C24C1BA8967500652B41 /* TerraVistaPTA */ = {
			isa = PBXGroup;
			children = (
				ACB3C26F1BA8971400652B41 /* Source */,
				ACB3C24F1BA8967500652B41 /* AppDelegate.swift */,
				ACB3C2531BA8967500652B41 /* Main.storyboard */,
				ACB3C2561BA8967500652B41 /* Images.xcassets */,
				ACB3C2581BA8967500652B41 /* LaunchScreen.xib */,
				ACB3C24D1BA8967500652B41 /* Supporting Files */,
			);
			path = TerraVistaPTA;
			sourceTree = "<group>";
		};
		ACB3C24D1BA8967500652B41 /* Supporting Files */ = {
			isa = PBXGroup;
			children = (
				ACABF1411BE0314700F651B9 /* Bolts.framework */,
				ACABF1421BE0314700F651B9 /* Parse.framework */,
				ACABF1431BE0314700F651B9 /* ParseUI.framework */,
				ACB3C24E1BA8967500652B41 /* Info.plist */,
			);
			name = "Supporting Files";
			sourceTree = "<group>";
		};
		ACB3C2621BA8967500652B41 /* TerraVistaPTATests */ = {
			isa = PBXGroup;
			children = (
				ACB3C2651BA8967500652B41 /* TerraVistaPTATests.swift */,
				ACB3C2631BA8967500652B41 /* Supporting Files */,
			);
			path = TerraVistaPTATests;
			sourceTree = "<group>";
		};
		ACB3C2631BA8967500652B41 /* Supporting Files */ = {
			isa = PBXGroup;
			children = (
				ACB3C2641BA8967500652B41 /* Info.plist */,
			);
			name = "Supporting Files";
			sourceTree = "<group>";
		};
		ACB3C26F1BA8971400652B41 /* Source */ = {
			isa = PBXGroup;
			children = (
				ACA36A321BB3745100B32601 /* Animation */,
				ACB3C2711BA8971400652B41 /* CommonDefines.swift */,
				ACB3C2721BA8971400652B41 /* Controllers */,
				ACB3C2751BA8971400652B41 /* Libraries */,
				ACB3C2761BA8971400652B41 /* Models */,
				ACB3C27A1BA8971400652B41 /* Utilities */,
				ACB3C27B1BA8971400652B41 /* Views */,
			);
			path = Source;
			sourceTree = "<group>";
		};
		ACB3C2721BA8971400652B41 /* Controllers */ = {
			isa = PBXGroup;
			children = (
				ACB3C2731BA8971400652B41 /* AnnouncementController.swift */,
				ACB3C2741BA8971400652B41 /* WebLinkController.swift */,
				ACB3C3411BAA0E2100652B41 /* CalendarController.swift */,
				ACABF13F1BE0010B00F651B9 /* LoginController.swift */,
			);
			path = Controllers;
			sourceTree = "<group>";
		};
		ACB3C2751BA8971400652B41 /* Libraries */ = {
			isa = PBXGroup;
			children = (
				ACB3C30D1BA9EAFD00652B41 /* JTCalendar */,
				ACB3C33D1BA9EB1500652B41 /* TerraVistaPTA-Bridging-Header.h */,
			);
			path = Libraries;
			sourceTree = "<group>";
		};
		ACB3C2761BA8971400652B41 /* Models */ = {
			isa = PBXGroup;
			children = (
				ACB3C2771BA8971400652B41 /* Announcement.swift */,
				ACB3C2781BA8971400652B41 /* ParseBase.swift */,
				ACB3C2791BA8971400652B41 /* WebLink.swift */,
				ACB3C3431BAA0E5C00652B41 /* CalendarEntry.swift */,
				ACA36A2E1BB3611700B32601 /* CalendarIcon.swift */,
			);
			path = Models;
			sourceTree = "<group>";
		};
		ACB3C27A1BA8971400652B41 /* Utilities */ = {
			isa = PBXGroup;
			children = (
				ACB3C2A41BA8A74500652B41 /* String.swift */,
				ACB3C34B1BAA35C100652B41 /* ColorUtils.swift */,
			);
			path = Utilities;
			sourceTree = "<group>";
		};
		ACB3C27B1BA8971400652B41 /* Views */ = {
			isa = PBXGroup;
			children = (
				ACABF1391BDFFF2100F651B9 /* Login */,
				ACB3C27C1BA8971400652B41 /* Calendar */,
				ACB3C27D1BA8971400652B41 /* Main */,
				ACB3C27E1BA8971400652B41 /* Messages */,
				ACB3C2861BA8971400652B41 /* Web */,
			);
			path = Views;
			sourceTree = "<group>";
		};
		ACB3C27C1BA8971400652B41 /* Calendar */ = {
			isa = PBXGroup;
			children = (
				ACB3C3451BAA127100652B41 /* TableViewCells */,
				ACB3C30A1BA9E7F700652B41 /* CalendarView.swift */,
				ACB3C34D1BAA587400652B41 /* CalendarDetailsViewController.swift */,
				AC9C14431BB1CE7A001D2340 /* CalendarEditDetailsViewController.swift */,
				ACA36A301BB361CC00B32601 /* CalendarEntryTypeViewController.swift */,
			);
			path = Calendar;
			sourceTree = "<group>";
		};
		ACB3C27D1BA8971400652B41 /* Main */ = {
			isa = PBXGroup;
			children = (
				ACB3C2511BA8967500652B41 /* ViewController.swift */,
			);
			path = Main;
			sourceTree = "<group>";
		};
		ACB3C27E1BA8971400652B41 /* Messages */ = {
			isa = PBXGroup;
			children = (
				ACB3C2A11BA8A2EF00652B41 /* TableViewCells */,
				ACB3C2A21BA8A49100652B41 /* AnnouncementViewController.swift */,
				ACB3C2A61BA8A8A500652B41 /* AnnouncementAddViewController.swift */,
			);
			path = Messages;
			sourceTree = "<group>";
		};
		ACB3C2861BA8971400652B41 /* Web */ = {
			isa = PBXGroup;
			children = (
				ACB3C29A1BA897B300652B41 /* TableViewCells */,
				ACB3C29D1BA89BCC00652B41 /* WebViewController.swift */,
				ACB3C29F1BA89FB400652B41 /* WebLinkAddViewController.swift */,
			);
			path = Web;
			sourceTree = "<group>";
		};
		ACB3C29A1BA897B300652B41 /* TableViewCells */ = {
			isa = PBXGroup;
			children = (
				ACB3C29B1BA897CE00652B41 /* WebLinkTableViewCell.swift */,
			);
			name = TableViewCells;
			sourceTree = "<group>";
		};
		ACB3C2A11BA8A2EF00652B41 /* TableViewCells */ = {
			isa = PBXGroup;
			children = (
				ACB3C27F1BA8971400652B41 /* AnnouncementTableViewCell.swift */,
			);
			name = TableViewCells;
			sourceTree = "<group>";
		};
		ACB3C30D1BA9EAFD00652B41 /* JTCalendar */ = {
			isa = PBXGroup;
			children = (
				ACB3C30E1BA9EAFD00652B41 /* JTCalendar.h */,
				ACB3C30F1BA9EAFD00652B41 /* JTCalendarDelegate.h */,
				ACB3C3101BA9EAFD00652B41 /* JTCalendarManager.h */,
				ACB3C3111BA9EAFD00652B41 /* JTCalendarManager.m */,
				ACB3C3121BA9EAFD00652B41 /* JTCalendarSettings.h */,
				ACB3C3131BA9EAFD00652B41 /* JTCalendarSettings.m */,
				ACB3C3141BA9EAFD00652B41 /* JTDateHelper.h */,
				ACB3C3151BA9EAFD00652B41 /* JTDateHelper.m */,
				ACB3C3161BA9EAFD00652B41 /* Managers */,
				ACB3C31B1BA9EAFD00652B41 /* Protocols */,
				ACB3C3221BA9EAFD00652B41 /* Views */,
			);
			path = JTCalendar;
			sourceTree = "<group>";
		};
		ACB3C3161BA9EAFD00652B41 /* Managers */ = {
			isa = PBXGroup;
			children = (
				ACB3C3171BA9EAFD00652B41 /* JTCalendarDelegateManager.h */,
				ACB3C3181BA9EAFD00652B41 /* JTCalendarDelegateManager.m */,
				ACB3C3191BA9EAFD00652B41 /* JTCalendarScrollManager.h */,
				ACB3C31A1BA9EAFD00652B41 /* JTCalendarScrollManager.m */,
			);
			path = Managers;
			sourceTree = "<group>";
		};
		ACB3C31B1BA9EAFD00652B41 /* Protocols */ = {
			isa = PBXGroup;
			children = (
				ACB3C31C1BA9EAFD00652B41 /* JTCalendarDay.h */,
				ACB3C31D1BA9EAFD00652B41 /* JTCalendarPage.h */,
				ACB3C31E1BA9EAFD00652B41 /* JTCalendarWeek.h */,
				ACB3C31F1BA9EAFD00652B41 /* JTCalendarWeekDay.h */,
				ACB3C3201BA9EAFD00652B41 /* JTContent.h */,
				ACB3C3211BA9EAFD00652B41 /* JTMenu.h */,
			);
			path = Protocols;
			sourceTree = "<group>";
		};
		ACB3C3221BA9EAFD00652B41 /* Views */ = {
			isa = PBXGroup;
			children = (
				ACB3C3231BA9EAFD00652B41 /* JTCalendarDayView.h */,
				ACB3C3241BA9EAFD00652B41 /* JTCalendarDayView.m */,
				ACB3C3251BA9EAFD00652B41 /* JTCalendarMenuView.h */,
				ACB3C3261BA9EAFD00652B41 /* JTCalendarMenuView.m */,
				ACB3C3271BA9EAFD00652B41 /* JTCalendarPageView.h */,
				ACB3C3281BA9EAFD00652B41 /* JTCalendarPageView.m */,
				ACB3C3291BA9EAFD00652B41 /* JTCalendarWeekDayView.h */,
				ACB3C32A1BA9EAFD00652B41 /* JTCalendarWeekDayView.m */,
				ACB3C32B1BA9EAFD00652B41 /* JTCalendarWeekView.h */,
				ACB3C32C1BA9EAFD00652B41 /* JTCalendarWeekView.m */,
				ACB3C32D1BA9EAFD00652B41 /* JTHorizontalCalendarView.h */,
				ACB3C32E1BA9EAFD00652B41 /* JTHorizontalCalendarView.m */,
				ACB3C32F1BA9EAFD00652B41 /* JTVerticalCalendarView.h */,
				ACB3C3301BA9EAFD00652B41 /* JTVerticalCalendarView.m */,
			);
			path = Views;
			sourceTree = "<group>";
		};
		ACB3C3451BAA127100652B41 /* TableViewCells */ = {
			isa = PBXGroup;
			children = (
				ACB3C3491BAA130200652B41 /* CalendarTableViewCell.swift */,
				ACA36A2C1BB3605C00B32601 /* CalendarEntryTypeTableViewCell.swift */,
			);
			name = TableViewCells;
			sourceTree = "<group>";
		};
/* End PBXGroup section */

/* Begin PBXNativeTarget section */
		ACB3C2491BA8967500652B41 /* TerraVistaPTA */ = {
			isa = PBXNativeTarget;
			buildConfigurationList = ACB3C2691BA8967500652B41 /* Build configuration list for PBXNativeTarget "TerraVistaPTA" */;
			buildPhases = (
				ACB3C2461BA8967500652B41 /* Sources */,
				ACB3C2471BA8967500652B41 /* Frameworks */,
				ACB3C2481BA8967500652B41 /* Resources */,
			);
			buildRules = (
			);
			dependencies = (
			);
			name = TerraVistaPTA;
			productName = TerraVistaPTA;
			productReference = ACB3C24A1BA8967500652B41 /* TerraVistaPTA.app */;
			productType = "com.apple.product-type.application";
		};
		ACB3C25E1BA8967500652B41 /* TerraVistaPTATests */ = {
			isa = PBXNativeTarget;
			buildConfigurationList = ACB3C26C1BA8967500652B41 /* Build configuration list for PBXNativeTarget "TerraVistaPTATests" */;
			buildPhases = (
				ACB3C25B1BA8967500652B41 /* Sources */,
				ACB3C25C1BA8967500652B41 /* Frameworks */,
				ACB3C25D1BA8967500652B41 /* Resources */,
			);
			buildRules = (
			);
			dependencies = (
				ACB3C2611BA8967500652B41 /* PBXTargetDependency */,
			);
			name = TerraVistaPTATests;
			productName = TerraVistaPTATests;
			productReference = ACB3C25F1BA8967500652B41 /* TerraVistaPTATests.xctest */;
			productType = "com.apple.product-type.bundle.unit-test";
		};
/* End PBXNativeTarget section */

/* Begin PBXProject section */
		ACB3C2421BA8967500652B41 /* Project object */ = {
			isa = PBXProject;
			attributes = {
				LastSwiftMigration = 0700;
				LastSwiftUpdateCheck = 0700;
				LastUpgradeCheck = 0640;
				ORGANIZATIONNAME = "Brain Glove Apps";
				TargetAttributes = {
					ACB3C2491BA8967500652B41 = {
						CreatedOnToolsVersion = 6.4;
					};
					ACB3C25E1BA8967500652B41 = {
						CreatedOnToolsVersion = 6.4;
						TestTargetID = ACB3C2491BA8967500652B41;
					};
				};
			};
			buildConfigurationList = ACB3C2451BA8967500652B41 /* Build configuration list for PBXProject "TerraVistaPTA" */;
			compatibilityVersion = "Xcode 3.2";
			developmentRegion = English;
			hasScannedForEncodings = 0;
			knownRegions = (
				en,
				Base,
			);
			mainGroup = ACB3C2411BA8967500652B41;
			productRefGroup = ACB3C24B1BA8967500652B41 /* Products */;
			projectDirPath = "";
			projectRoot = "";
			targets = (
				ACB3C2491BA8967500652B41 /* TerraVistaPTA */,
				ACB3C25E1BA8967500652B41 /* TerraVistaPTATests */,
			);
		};
/* End PBXProject section */

/* Begin PBXResourcesBuildPhase section */
		ACB3C2481BA8967500652B41 /* Resources */ = {
			isa = PBXResourcesBuildPhase;
			buildActionMask = 2147483647;
			files = (
				ACABF1471BE0319300F651B9 /* Bolts.framework in Resources */,
				ACABF1481BE0319300F651B9 /* Parse.framework in Resources */,
				ACABF1491BE0319300F651B9 /* ParseUI.framework in Resources */,
				ACB3C2551BA8967500652B41 /* Main.storyboard in Resources */,
				ACB3C25A1BA8967500652B41 /* LaunchScreen.xib in Resources */,
				ACB3C2571BA8967500652B41 /* Images.xcassets in Resources */,
			);
			runOnlyForDeploymentPostprocessing = 0;
		};
		ACB3C25D1BA8967500652B41 /* Resources */ = {
			isa = PBXResourcesBuildPhase;
			buildActionMask = 2147483647;
			files = (
			);
			runOnlyForDeploymentPostprocessing = 0;
		};
/* End PBXResourcesBuildPhase section */

/* Begin PBXSourcesBuildPhase section */
		ACB3C2461BA8967500652B41 /* Sources */ = {
			isa = PBXSourcesBuildPhase;
			buildActionMask = 2147483647;
			files = (
				ACA36A2F1BB3611700B32601 /* CalendarIcon.swift in Sources */,
				ACB3C2901BA8971400652B41 /* Announcement.swift in Sources */,
				ACB3C3391BA9EAFD00652B41 /* JTCalendarWeekDayView.m in Sources */,
				ACB3C3361BA9EAFD00652B41 /* JTCalendarDayView.m in Sources */,
				ACB3C2931BA8971400652B41 /* AnnouncementTableViewCell.swift in Sources */,
				ACB3C29C1BA897CE00652B41 /* WebLinkTableViewCell.swift in Sources */,
				ACB3C2911BA8971400652B41 /* ParseBase.swift in Sources */,
				ACB3C28D1BA8971400652B41 /* CommonDefines.swift in Sources */,
				ACB3C3311BA9EAFD00652B41 /* JTCalendarManager.m in Sources */,
				ACB3C3441BAA0E5C00652B41 /* CalendarEntry.swift in Sources */,
				ACB3C33C1BA9EAFD00652B41 /* JTVerticalCalendarView.m in Sources */,
				ACB3C3351BA9EAFD00652B41 /* JTCalendarScrollManager.m in Sources */,
				ACB3C34A1BAA130200652B41 /* CalendarTableViewCell.swift in Sources */,
				ACB3C34E1BAA587400652B41 /* CalendarDetailsViewController.swift in Sources */,
				ACB3C2521BA8967500652B41 /* ViewController.swift in Sources */,
				ACB3C2921BA8971400652B41 /* WebLink.swift in Sources */,
				AC9C14441BB1CE7A001D2340 /* CalendarEditDetailsViewController.swift in Sources */,
				ACA36A351BB3747200B32601 /* PrintController.swift in Sources */,
				ACB3C28E1BA8971400652B41 /* AnnouncementController.swift in Sources */,
				ACB3C2A71BA8A8A500652B41 /* AnnouncementAddViewController.swift in Sources */,
				ACB3C3321BA9EAFD00652B41 /* JTCalendarSettings.m in Sources */,
				ACABF13E1BDFFF9600F651B9 /* AdminLoginViewController.swift in Sources */,
				ACB3C2A31BA8A49100652B41 /* AnnouncementViewController.swift in Sources */,
				ACB3C3341BA9EAFD00652B41 /* JTCalendarDelegateManager.m in Sources */,
				ACB3C33A1BA9EAFD00652B41 /* JTCalendarWeekView.m in Sources */,
				ACA36A2D1BB3605C00B32601 /* CalendarEntryTypeTableViewCell.swift in Sources */,
				ACB3C3371BA9EAFD00652B41 /* JTCalendarMenuView.m in Sources */,
				ACB3C2501BA8967500652B41 /* AppDelegate.swift in Sources */,
				ACB3C3331BA9EAFD00652B41 /* JTDateHelper.m in Sources */,
				ACABF1401BE0010B00F651B9 /* LoginController.swift in Sources */,
				ACB3C2A01BA89FB400652B41 /* WebLinkAddViewController.swift in Sources */,
				ACA36A311BB361CC00B32601 /* CalendarEntryTypeViewController.swift in Sources */,
				ACB3C30B1BA9E7F700652B41 /* CalendarView.swift in Sources */,
				ACB3C28F1BA8971400652B41 /* WebLinkController.swift in Sources */,
				ACB3C33B1BA9EAFD00652B41 /* JTHorizontalCalendarView.m in Sources */,
				ACB3C34C1BAA35C100652B41 /* ColorUtils.swift in Sources */,
				ACB3C2A51BA8A74500652B41 /* String.swift in Sources */,
				ACB3C29E1BA89BCC00652B41 /* WebViewController.swift in Sources */,
				ACB3C3381BA9EAFD00652B41 /* JTCalendarPageView.m in Sources */,
				ACB3C3421BAA0E2100652B41 /* CalendarController.swift in Sources */,
			);
			runOnlyForDeploymentPostprocessing = 0;
		};
		ACB3C25B1BA8967500652B41 /* Sources */ = {
			isa = PBXSourcesBuildPhase;
			buildActionMask = 2147483647;
			files = (
				ACB3C2661BA8967500652B41 /* TerraVistaPTATests.swift in Sources */,
			);
			runOnlyForDeploymentPostprocessing = 0;
		};
/* End PBXSourcesBuildPhase section */

/* Begin PBXTargetDependency section */
		ACB3C2611BA8967500652B41 /* PBXTargetDependency */ = {
			isa = PBXTargetDependency;
			target = ACB3C2491BA8967500652B41 /* TerraVistaPTA */;
			targetProxy = ACB3C2601BA8967500652B41 /* PBXContainerItemProxy */;
		};
/* End PBXTargetDependency section */

/* Begin PBXVariantGroup section */
		ACB3C2531BA8967500652B41 /* Main.storyboard */ = {
			isa = PBXVariantGroup;
			children = (
				ACB3C2541BA8967500652B41 /* Base */,
			);
			name = Main.storyboard;
			sourceTree = "<group>";
		};
		ACB3C2581BA8967500652B41 /* LaunchScreen.xib */ = {
			isa = PBXVariantGroup;
			children = (
				ACB3C2591BA8967500652B41 /* Base */,
			);
			name = LaunchScreen.xib;
			sourceTree = "<group>";
		};
/* End PBXVariantGroup section */

/* Begin XCBuildConfiguration section */
		ACB3C2671BA8967500652B41 /* Debug */ = {
			isa = XCBuildConfiguration;
			buildSettings = {
				ALWAYS_SEARCH_USER_PATHS = NO;
				CLANG_CXX_LANGUAGE_STANDARD = "gnu++0x";
				CLANG_CXX_LIBRARY = "libc++";
				CLANG_ENABLE_MODULES = YES;
				CLANG_ENABLE_OBJC_ARC = YES;
				CLANG_WARN_BOOL_CONVERSION = YES;
				CLANG_WARN_CONSTANT_CONVERSION = YES;
				CLANG_WARN_DIRECT_OBJC_ISA_USAGE = YES_ERROR;
				CLANG_WARN_EMPTY_BODY = YES;
				CLANG_WARN_ENUM_CONVERSION = YES;
				CLANG_WARN_INT_CONVERSION = YES;
				CLANG_WARN_OBJC_ROOT_CLASS = YES_ERROR;
				CLANG_WARN_UNREACHABLE_CODE = YES;
				CLANG_WARN__DUPLICATE_METHOD_MATCH = YES;
				"CODE_SIGN_IDENTITY[sdk=iphoneos*]" = "iPhone Developer";
				COPY_PHASE_STRIP = NO;
				DEBUG_INFORMATION_FORMAT = "dwarf-with-dsym";
				ENABLE_STRICT_OBJC_MSGSEND = YES;
				GCC_C_LANGUAGE_STANDARD = gnu99;
				GCC_DYNAMIC_NO_PIC = NO;
				GCC_NO_COMMON_BLOCKS = YES;
				GCC_OPTIMIZATION_LEVEL = 0;
				GCC_PREPROCESSOR_DEFINITIONS = (
					"DEBUG=1",
					"$(inherited)",
				);
				GCC_SYMBOLS_PRIVATE_EXTERN = NO;
				GCC_WARN_64_TO_32_BIT_CONVERSION = YES;
				GCC_WARN_ABOUT_RETURN_TYPE = YES_ERROR;
				GCC_WARN_UNDECLARED_SELECTOR = YES;
				GCC_WARN_UNINITIALIZED_AUTOS = YES_AGGRESSIVE;
				GCC_WARN_UNUSED_FUNCTION = YES;
				GCC_WARN_UNUSED_VARIABLE = YES;
				IPHONEOS_DEPLOYMENT_TARGET = 8.4;
				MTL_ENABLE_DEBUG_INFO = YES;
				ONLY_ACTIVE_ARCH = YES;
				SDKROOT = iphoneos;
				SWIFT_OPTIMIZATION_LEVEL = "-Onone";
				TARGETED_DEVICE_FAMILY = "1,2";
			};
			name = Debug;
		};
		ACB3C2681BA8967500652B41 /* Release */ = {
			isa = XCBuildConfiguration;
			buildSettings = {
				ALWAYS_SEARCH_USER_PATHS = NO;
				CLANG_CXX_LANGUAGE_STANDARD = "gnu++0x";
				CLANG_CXX_LIBRARY = "libc++";
				CLANG_ENABLE_MODULES = YES;
				CLANG_ENABLE_OBJC_ARC = YES;
				CLANG_WARN_BOOL_CONVERSION = YES;
				CLANG_WARN_CONSTANT_CONVERSION = YES;
				CLANG_WARN_DIRECT_OBJC_ISA_USAGE = YES_ERROR;
				CLANG_WARN_EMPTY_BODY = YES;
				CLANG_WARN_ENUM_CONVERSION = YES;
				CLANG_WARN_INT_CONVERSION = YES;
				CLANG_WARN_OBJC_ROOT_CLASS = YES_ERROR;
				CLANG_WARN_UNREACHABLE_CODE = YES;
				CLANG_WARN__DUPLICATE_METHOD_MATCH = YES;
				"CODE_SIGN_IDENTITY[sdk=iphoneos*]" = "iPhone Developer";
				COPY_PHASE_STRIP = NO;
				DEBUG_INFORMATION_FORMAT = "dwarf-with-dsym";
				ENABLE_NS_ASSERTIONS = NO;
				ENABLE_STRICT_OBJC_MSGSEND = YES;
				GCC_C_LANGUAGE_STANDARD = gnu99;
				GCC_NO_COMMON_BLOCKS = YES;
				GCC_WARN_64_TO_32_BIT_CONVERSION = YES;
				GCC_WARN_ABOUT_RETURN_TYPE = YES_ERROR;
				GCC_WARN_UNDECLARED_SELECTOR = YES;
				GCC_WARN_UNINITIALIZED_AUTOS = YES_AGGRESSIVE;
				GCC_WARN_UNUSED_FUNCTION = YES;
				GCC_WARN_UNUSED_VARIABLE = YES;
				IPHONEOS_DEPLOYMENT_TARGET = 8.4;
				MTL_ENABLE_DEBUG_INFO = NO;
				SDKROOT = iphoneos;
				TARGETED_DEVICE_FAMILY = "1,2";
				VALIDATE_PRODUCT = YES;
			};
			name = Release;
		};
		ACB3C26A1BA8967500652B41 /* Debug */ = {
			isa = XCBuildConfiguration;
			buildSettings = {
				ASSETCATALOG_COMPILER_APPICON_NAME = AppIcon;
				CLANG_ENABLE_MODULES = YES;
				FRAMEWORK_SEARCH_PATHS = (
					"$(inherited)",
					"$(PROJECT_DIR)/TerraVistaPTA",
				);
				INFOPLIST_FILE = TerraVistaPTA/Info.plist;
				LD_RUNPATH_SEARCH_PATHS = "$(inherited) @executable_path/Frameworks";
				PRODUCT_NAME = "$(TARGET_NAME)";
				SWIFT_OBJC_BRIDGING_HEADER = "TerraVistaPTA/Source/Libraries/TerraVistaPTA-Bridging-Header.h";
				SWIFT_OPTIMIZATION_LEVEL = "-Onone";
			};
			name = Debug;
		};
		ACB3C26B1BA8967500652B41 /* Release */ = {
			isa = XCBuildConfiguration;
			buildSettings = {
				ASSETCATALOG_COMPILER_APPICON_NAME = AppIcon;
				CLANG_ENABLE_MODULES = YES;
				FRAMEWORK_SEARCH_PATHS = (
					"$(inherited)",
					"$(PROJECT_DIR)/TerraVistaPTA",
				);
				INFOPLIST_FILE = TerraVistaPTA/Info.plist;
				LD_RUNPATH_SEARCH_PATHS = "$(inherited) @executable_path/Frameworks";
				PRODUCT_NAME = "$(TARGET_NAME)";
				SWIFT_OBJC_BRIDGING_HEADER = "TerraVistaPTA/Source/Libraries/TerraVistaPTA-Bridging-Header.h";
			};
			name = Release;
		};
		ACB3C26D1BA8967500652B41 /* Debug */ = {
			isa = XCBuildConfiguration;
			buildSettings = {
				BUNDLE_LOADER = "$(TEST_HOST)";
				FRAMEWORK_SEARCH_PATHS = (
					"$(SDKROOT)/Developer/Library/Frameworks",
					"$(inherited)",
				);
				GCC_PREPROCESSOR_DEFINITIONS = (
					"DEBUG=1",
					"$(inherited)",
				);
				INFOPLIST_FILE = TerraVistaPTATests/Info.plist;
				LD_RUNPATH_SEARCH_PATHS = "$(inherited) @executable_path/Frameworks @loader_path/Frameworks";
				PRODUCT_NAME = "$(TARGET_NAME)";
				TEST_HOST = "$(BUILT_PRODUCTS_DIR)/TerraVistaPTA.app/TerraVistaPTA";
			};
			name = Debug;
		};
		ACB3C26E1BA8967500652B41 /* Release */ = {
			isa = XCBuildConfiguration;
			buildSettings = {
				BUNDLE_LOADER = "$(TEST_HOST)";
				FRAMEWORK_SEARCH_PATHS = (
					"$(SDKROOT)/Developer/Library/Frameworks",
					"$(inherited)",
				);
				INFOPLIST_FILE = TerraVistaPTATests/Info.plist;
				LD_RUNPATH_SEARCH_PATHS = "$(inherited) @executable_path/Frameworks @loader_path/Frameworks";
				PRODUCT_NAME = "$(TARGET_NAME)";
				TEST_HOST = "$(BUILT_PRODUCTS_DIR)/TerraVistaPTA.app/TerraVistaPTA";
			};
			name = Release;
		};
/* End XCBuildConfiguration section */

/* Begin XCConfigurationList section */
		ACB3C2451BA8967500652B41 /* Build configuration list for PBXProject "TerraVistaPTA" */ = {
			isa = XCConfigurationList;
			buildConfigurations = (
				ACB3C2671BA8967500652B41 /* Debug */,
				ACB3C2681BA8967500652B41 /* Release */,
			);
			defaultConfigurationIsVisible = 0;
			defaultConfigurationName = Release;
		};
		ACB3C2691BA8967500652B41 /* Build configuration list for PBXNativeTarget "TerraVistaPTA" */ = {
			isa = XCConfigurationList;
			buildConfigurations = (
				ACB3C26A1BA8967500652B41 /* Debug */,
				ACB3C26B1BA8967500652B41 /* Release */,
			);
			defaultConfigurationIsVisible = 0;
			defaultConfigurationName = Release;
		};
		ACB3C26C1BA8967500652B41 /* Build configuration list for PBXNativeTarget "TerraVistaPTATests" */ = {
			isa = XCConfigurationList;
			buildConfigurations = (
				ACB3C26D1BA8967500652B41 /* Debug */,
				ACB3C26E1BA8967500652B41 /* Release */,
			);
			defaultConfigurationIsVisible = 0;
			defaultConfigurationName = Release;
		};
/* End XCConfigurationList section */
	};
	rootObject = ACB3C2421BA8967500652B41 /* Project object */;
}
